Microsoft Visual Studio Solution File, Format Version 12.00
# Visual Studio Version 17
VisualStudioVersion = 17.5.2.0
MinimumVisualStudioVersion = 10.0.40219.1
Project("{FAE04EC0-301F-11D3-BF4B-00C04F79EFBC}") = "LinqTask", "LinqTask.csproj", "{65F715DF-AB2D-DC8B-91BF-12CA06DD753A}"
EndProject
Global
	GlobalSection(SolutionConfigurationPlatforms) = preSolution
		Debug|Any CPU = Debug|Any CPU
		Release|Any CPU = Release|Any CPU
	EndGlobalSection
	GlobalSection(ProjectConfigurationPlatforms) = postSolution
		{65F715DF-AB2D-DC8B-91BF-12CA06DD753A}.Debug|Any CPU.ActiveCfg = Debug|Any CPU
		{65F715DF-AB2D-DC8B-91BF-12CA06DD753A}.Debug|Any CPU.Build.0 = Debug|Any CPU
		{65F715DF-AB2D-DC8B-91BF-12CA06DD753A}.Release|Any CPU.ActiveCfg = Release|Any CPU
		{65F715DF-AB2D-DC8B-91BF-12CA06DD753A}.Release|Any CPU.Build.0 = Release|Any CPU
	EndGlobalSection
	GlobalSection(SolutionProperties) = preSolution
		HideSolutionNode = FALSE
	EndGlobalSection
	GlobalSection(ExtensibilityGlobals) = postSolution
		SolutionGuid = {8EA9B0A8-742A-4863-A3C4-D5C9AB283EE0}
	EndGlobalSection
EndGlobal
